
Microsoft Visual Studio Solution File, Format Version 12.00
# Visual Studio 15
VisualStudioVersion = 15.0.27428.2005
MinimumVisualStudioVersion = 10.0.40219.1
Project("{FAE04EC0-301F-11D3-BF4B-00C04F79EFBC}") = "HexagonalMinesweeper", "HexagonalMinesweeper\HexagonalMinesweeper.csproj", "{1BAA8029-7EBB-436D-BBF4-015AD26206CA}"
EndProject
Project("{2150E333-8FDC-42A3-9474-1A3956D46DE8}") = "Solution Items", "Solution Items", "{F55F1404-C2B7-4703-BDA1-565A9E89BFDD}"
EndProject
Global
	GlobalSection(SolutionConfigurationPlatforms) = preSolution
		Debug|Any CPU = Debug|Any CPU
		Release|Any CPU = Release|Any CPU
	EndGlobalSection
	GlobalSection(ProjectConfigurationPlatforms) = postSolution
		{1BAA8029-7EBB-436D-BBF4-015AD26206CA}.Debug|Any CPU.ActiveCfg = Debug|Any CPU
		{1BAA8029-7EBB-436D-BBF4-015AD26206CA}.Debug|Any CPU.Build.0 = Debug|Any CPU
		{1BAA8029-7EBB-436D-BBF4-015AD26206CA}.Release|Any CPU.ActiveCfg = Release|Any CPU
		{1BAA8029-7EBB-436D-BBF4-015AD26206CA}.Release|Any CPU.Build.0 = Release|Any CPU
	EndGlobalSection
	GlobalSection(SolutionProperties) = preSolution
		HideSolutionNode = FALSE
	EndGlobalSection
	GlobalSection(ExtensibilityGlobals) = postSolution
		SolutionGuid = {9A20190A-B5DD-40B7-ABEC-2FA3040B0012}
	EndGlobalSection
EndGlobal
